{
    "_readme": [
        "This file locks the dependencies of your project to a known state",
        "Read more about it at https://getcomposer.org/doc/01-basic-usage.md#installing-dependencies",
        "This file is @generated automatically"
    ],
    "content-hash": "dec40111592278507e0d3676af1db869",
    "packages": [
        {
            "name": "twbs/bootstrap-icons",
            "version": "v1.12.1",
            "source": {
                "type": "git",
                "url": "https://github.com/twbs/icons.git",
                "reference": "805db3aa03e9a6e07d658ebe360e38b0a70c1b1c"
            },
            "dist": {
                "type": "zip",
                "url": "https://api.github.com/repos/twbs/icons/zipball/805db3aa03e9a6e07d658ebe360e38b0a70c1b1c",
                "reference": "805db3aa03e9a6e07d658ebe360e38b0a70c1b1c",
                "shasum": ""
            },
            "type": "library",
            "notification-url": "https://packagist.org/downloads/",
            "license": [
                "MIT"
            ],
            "authors": [
                {
                    "name": "Mark Otto",
                    "email": "markdotto@gmail.com"
                }
            ],
            "description": "Official open source SVG icon library for Bootstrap",
            "homepage": "https://icons.getbootstrap.com/",
            "keywords": [
                "bootstrap",
                "icon font",
                "icons",
                "svg"
            ],
            "support": {
                "issues": "https://github.com/twbs/icons/issues",
                "source": "https://github.com/twbs/icons/tree/v1.12.1"
            },
            "time": "2025-05-04T06:28:47+00:00"
        }
    ],
    "packages-dev": [],
    "aliases": [],
    "minimum-stability": "stable",
    "stability-flags": {},
    "prefer-stable": false,
    "prefer-lowest": false,
    "platform": {},
    "platform-dev": {},
    "plugin-api-version": "2.6.0"
}
